
Microsoft Visual Studio Solution File, Format Version 12.00
# Visual Studio Version 16
VisualStudioVersion = 16.0.31129.286
MinimumVisualStudioVersion = 10.0.40219.1
Project("{FAE04EC0-301F-11D3-BF4B-00C04F79EFBC}") = "ASPWithAngular", "ASPWithAngular.csproj", "{00C56B70-D960-4C97-B333-C81C7DB6DBF7}"
EndProject
Project("{2150E333-8FDC-42A3-9474-1A3956D46DE8}") = "Solution Items", "Solution Items", "{26712437-C5C4-4FF2-85ED-D719116DD0A9}"
	ProjectSection(SolutionItems) = preProject
		.editorconfig = .editorconfig
	EndProjectSection
EndProject
Global
	GlobalSection(SolutionConfigurationPlatforms) = preSolution
		Debug|Any CPU = Debug|Any CPU
		Release|Any CPU = Release|Any CPU
	EndGlobalSection
	GlobalSection(ProjectConfigurationPlatforms) = postSolution
		{00C56B70-D960-4C97-B333-C81C7DB6DBF7}.Debug|Any CPU.ActiveCfg = Debug|Any CPU
		{00C56B70-D960-4C97-B333-C81C7DB6DBF7}.Debug|Any CPU.Build.0 = Debug|Any CPU
		{00C56B70-D960-4C97-B333-C81C7DB6DBF7}.Release|Any CPU.ActiveCfg = Release|Any CPU
		{00C56B70-D960-4C97-B333-C81C7DB6DBF7}.Release|Any CPU.Build.0 = Release|Any CPU
	EndGlobalSection
	GlobalSection(SolutionProperties) = preSolution
		HideSolutionNode = FALSE
	EndGlobalSection
	GlobalSection(ExtensibilityGlobals) = postSolution
		SolutionGuid = {89D04A9D-FEAB-47BC-B18C-C8F1EBD1E2AE}
	EndGlobalSection
EndGlobal
